
Microsoft Visual Studio Solution File, Format Version 12.00
# Visual Studio Version 17
VisualStudioVersion = 17.3.32929.385
MinimumVisualStudioVersion = 10.0.40219.1
Project("{FAE04EC0-301F-11D3-BF4B-00C04F79EFBC}") = "taskdasd", "taskdasd\taskdasd.csproj", "{23F0F571-ECA5-478C-85BE-291F7BC524E3}"
EndProject
Global
	GlobalSection(SolutionConfigurationPlatforms) = preSolution
		Debug|Any CPU = Debug|Any CPU
		Release|Any CPU = Release|Any CPU
	EndGlobalSection
	GlobalSection(ProjectConfigurationPlatforms) = postSolution
		{23F0F571-ECA5-478C-85BE-291F7BC524E3}.Debug|Any CPU.ActiveCfg = Debug|Any CPU
		{23F0F571-ECA5-478C-85BE-291F7BC524E3}.Debug|Any CPU.Build.0 = Debug|Any CPU
		{23F0F571-ECA5-478C-85BE-291F7BC524E3}.Release|Any CPU.ActiveCfg = Release|Any CPU
		{23F0F571-ECA5-478C-85BE-291F7BC524E3}.Release|Any CPU.Build.0 = Release|Any CPU
	EndGlobalSection
	GlobalSection(SolutionProperties) = preSolution
		HideSolutionNode = FALSE
	EndGlobalSection
	GlobalSection(ExtensibilityGlobals) = postSolution
		SolutionGuid = {AFE29E86-EC7A-485B-9662-B59C426F7B7A}
	EndGlobalSection
EndGlobal
